{
  "name": "screen-ok-google",
  "version": "1.0.0",
  "lockfileVersion": 1,
  "requires": true,
  "dependencies": {
    "ansi-styles": {
      "version": "3.2.1",
      "resolved": "https://registry.npmjs.org/ansi-styles/-/ansi-styles-3.2.1.tgz",
      "integrity": "sha512-VT0ZI6kZRdTh8YyJw3SMbYm/u+NqfsAxEpWO0Pf9sq8/e94WxxOpPKx9FR1FlyCtOVDNOQ+8ntlqFxiRc+r5qA==",
      "requires": {
        "color-convert": "^1.9.0"
      }
    },
    "app-root-path": {
      "version": "2.2.1",
      "resolved": "https://registry.npmjs.org/app-root-path/-/app-root-path-2.2.1.tgz",
      "integrity": "sha512-91IFKeKk7FjfmezPKkwtaRvSpnUc4gDwPAjA1YZ9Gn0q0PPeW+vbeUsZuyDwjI7+QTHhcLen2v25fi/AmhvbJA=="
    },
    "balanced-match": {
      "version": "1.0.0",
      "resolved": "https://registry.npmjs.org/balanced-match/-/balanced-match-1.0.0.tgz",
      "integrity": "sha1-ibTRmasr7kneFk6gK4nORi1xt2c="
    },
    "brace-expansion": {
      "version": "1.1.11",
      "resolved": "https://registry.npmjs.org/brace-expansion/-/brace-expansion-1.1.11.tgz",
      "integrity": "sha512-iCuPHDFgrHX7H2vEI/5xpz07zSHB00TpugqhmYtVmMO6518mCuRMoOYFldEBl0g187ufozdaHgWKcYFb61qGiA==",
      "requires": {
        "balanced-match": "^1.0.0",
        "concat-map": "0.0.1"
      }
    },
    "chalk": {
      "version": "2.4.2",
      "resolved": "https://registry.npmjs.org/chalk/-/chalk-2.4.2.tgz",
      "integrity": "sha512-Mti+f9lpJNcwF4tWV8/OrTTtF1gZi+f8FqlyAdouralcFWFQWF2+NgCHShjkCb+IFBLq9buZwE1xckQU4peSuQ==",
      "requires": {
        "ansi-styles": "^3.2.1",
        "escape-string-regexp": "^1.0.5",
        "supports-color": "^5.3.0"
      }
    },
    "color-convert": {
      "version": "1.9.3",
      "resolved": "https://registry.npmjs.org/color-convert/-/color-convert-1.9.3.tgz",
      "integrity": "sha512-QfAUtd+vFdAtFQcC8CCyYt1fYWxSqAiK2cSD6zDB8N3cpsEBAvRxp9zOGg6G/SHHJYAT88/az/IuDGALsNVbGg==",
      "requires": {
        "color-name": "1.1.3"
      }
    },
    "color-name": {
      "version": "1.1.3",
      "resolved": "https://registry.npmjs.org/color-name/-/color-name-1.1.3.tgz",
      "integrity": "sha1-p9BVi9icQveV3UIyj3QIMcpTvCU="
    },
    "concat-map": {
      "version": "0.0.1",
      "resolved": "https://registry.npmjs.org/concat-map/-/concat-map-0.0.1.tgz",
      "integrity": "sha1-2Klr13/Wjfd5OnMDajug1UBdR3s="
    },
    "dgram": {
      "version": "1.0.1",
      "resolved": "https://registry.npmjs.org/dgram/-/dgram-1.0.1.tgz",
      "integrity": "sha1-N/OyAPgDOl/3WTAwicgc42G2UcM="
    },
    "dotenv": {
      "version": "8.2.0",
      "resolved": "https://registry.npmjs.org/dotenv/-/dotenv-8.2.0.tgz",
      "integrity": "sha512-8sJ78ElpbDJBHNeBzUbUVLsqKdccaa/BXF1uPTw3GrvQTBgrQrtObr2mUrE38vzYd8cEv+m/JBfDLioYcfXoaw=="
    },
    "ee-argv": {
      "version": "0.1.4",
      "resolved": "https://registry.npmjs.org/ee-argv/-/ee-argv-0.1.4.tgz",
      "integrity": "sha1-d/RZ2vmA8R0sb44oohq7iAIBaKs="
    },
    "ee-class": {
      "version": "1.4.0",
      "resolved": "https://registry.npmjs.org/ee-class/-/ee-class-1.4.0.tgz",
      "integrity": "sha1-KQP2Iu4f5AzYupidfqI5oxvV4lU="
    },
    "ee-log": {
      "version": "0.3.11",
      "resolved": "https://registry.npmjs.org/ee-log/-/ee-log-0.3.11.tgz",
      "integrity": "sha1-e53uR9PX/JmpTNsZrJ2Z/49mo2g=",
      "requires": {
        "ee-argv": "0.1.x",
        "ee-class": "1.x",
        "ee-types": "2.x"
      }
    },
    "ee-types": {
      "version": "2.2.1",
      "resolved": "https://registry.npmjs.org/ee-types/-/ee-types-2.2.1.tgz",
      "integrity": "sha512-ZgShE8RXsE+DFAddCmduKwUwoNLZd7Ik6yv6LFEUDfz/6k2s6rTvABQS8dO2EibJpYFWREOx/ealtwuTUXeeYg==",
      "requires": {
        "ee-class": "^1.4.0"
      }
    },
    "escape-string-regexp": {
      "version": "1.0.5",
      "resolved": "https://registry.npmjs.org/escape-string-regexp/-/escape-string-regexp-1.0.5.tgz",
      "integrity": "sha1-G2HAViGQqN/2rjuyzwIAyhMLhtQ="
    },
    "fs.realpath": {
      "version": "1.0.0",
      "resolved": "https://registry.npmjs.org/fs.realpath/-/fs.realpath-1.0.0.tgz",
      "integrity": "sha1-FQStJSMVjKpA20onh8sBQRmU6k8="
    },
    "glob": {
      "version": "7.1.6",
      "resolved": "https://registry.npmjs.org/glob/-/glob-7.1.6.tgz",
      "integrity": "sha512-LwaxwyZ72Lk7vZINtNNrywX0ZuLyStrdDtabefZKAY5ZGJhVtgdznluResxNmPitE0SAO+O26sWTHeKSI2wMBA==",
      "requires": {
        "fs.realpath": "^1.0.0",
        "inflight": "^1.0.4",
        "inherits": "2",
        "minimatch": "^3.0.4",
        "once": "^1.3.0",
        "path-is-absolute": "^1.0.0"
      }
    },
    "has-flag": {
      "version": "3.0.0",
      "resolved": "https://registry.npmjs.org/has-flag/-/has-flag-3.0.0.tgz",
      "integrity": "sha1-tdRU3CGZriJWmfNGfloH87lVuv0="
    },
    "inflight": {
      "version": "1.0.6",
      "resolved": "https://registry.npmjs.org/inflight/-/inflight-1.0.6.tgz",
      "integrity": "sha1-Sb1jMdfQLQwJvJEKEHW6gWW1bfk=",
      "requires": {
        "once": "^1.3.0",
        "wrappy": "1"
      }
    },
    "inherits": {
      "version": "2.0.4",
      "resolved": "https://registry.npmjs.org/inherits/-/inherits-2.0.4.tgz",
      "integrity": "sha512-k/vGaX4/Yla3WzyMCvTQOXYeIHvqOKtnqBduzTHpzpQZzAskKMhZ2K+EnBiSM9zGSoIFeMpXKxa4dYeZIQqewQ=="
    },
    "leaky-bucket": {
      "version": "3.0.4",
      "resolved": "https://registry.npmjs.org/leaky-bucket/-/leaky-bucket-3.0.4.tgz",
      "integrity": "sha512-yGCO4IDopOKouOSs21WF6OyQ6pbe+wqV4wT5CiW4bQK1UZaypNfCEE3BJl/hrXJ5yqnkuB0kynUgDHAZHYi27A==",
      "requires": {
        "logd": "^2.3.0",
        "logd-console-transport": "^1.1.0"
      }
    },
    "logd": {
      "version": "2.3.1",
      "resolved": "https://registry.npmjs.org/logd/-/logd-2.3.1.tgz",
      "integrity": "sha512-7/B1fpycTXWS5KejZ8jHr+zmtmhprVQkZxMhk3vKJU16eVZ+Jj1a8D6bjpj3+fMNTN/x4aKt1I3Gw3TnhAt1lg==",
      "requires": {
        "app-root-path": "^2.2.1",
        "ee-log": "^0.3.11",
        "uuid": "^3.3.3"
      }
    },
    "logd-console-output": {
      "version": "1.3.0",
      "resolved": "https://registry.npmjs.org/logd-console-output/-/logd-console-output-1.3.0.tgz",
      "integrity": "sha512-Aau5xxpDXWBRIwl6zgConqmyNRBFq8VoQbzpQJjp9QVfrEtMgWUMbP2CUF9lCmMg0d2TQ79tEJA83+uQY36WAA==",
      "requires": {
        "app-root-path": "^2.1.0",
        "chalk": "^2.4.1",
        "ee-types": "^2.2.0",
        "glob": "^7.1.2"
      }
    },
    "logd-console-transport": {
      "version": "1.1.0",
      "resolved": "https://registry.npmjs.org/logd-console-transport/-/logd-console-transport-1.1.0.tgz",
      "integrity": "sha512-IFpLeFAU1u+lP5lznmzmivY20IwegWdmjtz+4OPrKxFfyuMPRtu9KxsBlsb11ALDZfm9f+RQEU26NNI4GeM2eQ==",
      "requires": {
        "logd": "^2.2.1",
        "logd-console-output": "^1.3.0"
      }
    },
    "minimatch": {
      "version": "3.0.4",
      "resolved": "https://registry.npmjs.org/minimatch/-/minimatch-3.0.4.tgz",
      "integrity": "sha512-yJHVQEhyqPLUTgt9B83PXu6W3rx4MvvHvSUvToogpwoGDOUQ+yDrR0HRot+yOCdCO7u4hX3pWft6kWBBcqh0UA==",
      "requires": {
        "brace-expansion": "^1.1.7"
      }
    },
    "minimist": {
      "version": "0.0.10",
      "resolved": "https://registry.npmjs.org/minimist/-/minimist-0.0.10.tgz",
      "integrity": "sha1-3j+YVD2/lggr5IrRoMfNqDYwHc8="
    },
    "mkdirp": {
      "version": "0.5.5",
      "resolved": "https://registry.npmjs.org/mkdirp/-/mkdirp-0.5.5.tgz",
      "integrity": "sha512-NKmAlESf6jMGym1++R0Ra7wvhV+wFW63FaSOFPwRahvea0gMUcGUhVeAg/0BC0wiv9ih5NYPB1Wn1UEI1/L+xQ==",
      "requires": {
        "minimist": "^1.2.5"
      },
      "dependencies": {
        "minimist": {
          "version": "1.2.5",
          "resolved": "https://registry.npmjs.org/minimist/-/minimist-1.2.5.tgz",
          "integrity": "sha512-FM9nNUYrRBAELZQT3xeZQ7fmMOBg6nWNmJKTcgsJeaLstP/UODVpGsr5OhXhhXg6f+qtJ8uiZ+PUxkDWcgIXLw=="
        }
      }
    },
    "node-windows": {
      "version": "1.0.0-beta.5",
      "resolved": "https://registry.npmjs.org/node-windows/-/node-windows-1.0.0-beta.5.tgz",
      "integrity": "sha512-yaAnzX4lSBrg/u70pXLWBLaCFG5CRmvbfWCOc88ScDOzKC675BB/g69x0JgtdaQkOujlyAX9VJ+DA08/ToLhyw==",
      "requires": {
        "optimist": "~0.6.0",
        "xml": "0.0.12"
      }
    },
    "once": {
      "version": "1.4.0",
      "resolved": "https://registry.npmjs.org/once/-/once-1.4.0.tgz",
      "integrity": "sha1-WDsap3WWHUsROsF9nFC6753Xa9E=",
      "requires": {
        "wrappy": "1"
      }
    },
    "optimist": {
      "version": "0.6.1",
      "resolved": "https://registry.npmjs.org/optimist/-/optimist-0.6.1.tgz",
      "integrity": "sha1-2j6nRob6IaGaERwybpDrFaAZZoY=",
      "requires": {
        "minimist": "~0.0.1",
        "wordwrap": "~0.0.2"
      }
    },
    "os-homedir": {
      "version": "1.0.2",
      "resolved": "https://registry.npmjs.org/os-homedir/-/os-homedir-1.0.2.tgz",
      "integrity": "sha1-/7xJiDNuDoM94MFox+8VISGqf7M="
    },
    "path-is-absolute": {
      "version": "1.0.1",
      "resolved": "https://registry.npmjs.org/path-is-absolute/-/path-is-absolute-1.0.1.tgz",
      "integrity": "sha1-F0uSaHNVNP+8es5r9TpanhtcX18="
    },
    "process": {
      "version": "0.11.10",
      "resolved": "https://registry.npmjs.org/process/-/process-0.11.10.tgz",
      "integrity": "sha1-czIwDoQBYb2j5podHZGn1LwW8YI="
    },
    "rate-limiter-flexible": {
      "version": "2.2.1",
      "resolved": "https://registry.npmjs.org/rate-limiter-flexible/-/rate-limiter-flexible-2.2.1.tgz",
      "integrity": "sha512-rxCP6kDDdn0cZmVqVlF06yLU+mG3TuwaHV/fUIw3OQyYhza7pzVBtdMhUmfXbBzMS+O464XP+x33pfTDGRGYVA=="
    },
    "rxjs": {
      "version": "6.6.6",
      "resolved": "https://registry.npmjs.org/rxjs/-/rxjs-6.6.6.tgz",
      "integrity": "sha512-/oTwee4N4iWzAMAL9xdGKjkEHmIwupR3oXbQjCKywF1BeFohswF3vZdogbmEF6pZkOsXTzWkrZszrWpQTByYVg==",
      "requires": {
        "tslib": "^1.9.0"
      }
    },
    "sinricpro": {
      "version": "2.2.5",
      "resolved": "https://registry.npmjs.org/sinricpro/-/sinricpro-2.2.5.tgz",
      "integrity": "sha512-/kQY+8Q9zGZKCS3Jd0OpEsQFq5Covs6blaOYI1sXCBgrXZDqdtIXzllBe2NloefjC5mtWNv/U/rU9S3YhWYyxw==",
      "requires": {
        "dgram": "^1.0.1",
        "leaky-bucket": "^3.0.4",
        "process": "^0.11.10",
        "rate-limiter-flexible": "^2.2.1",
        "rxjs": "^6.6.3",
        "uuid": "^3.3.3",
        "ws": "^7.4.2"
      }
    },
    "supports-color": {
      "version": "5.5.0",
      "resolved": "https://registry.npmjs.org/supports-color/-/supports-color-5.5.0.tgz",
      "integrity": "sha512-QjVjwdXIt408MIiAqCX4oUKsgU2EqAGzs2Ppkm4aQYbjm+ZEWEcW4SfFNTr4uMNZma0ey4f5lgLrkB0aX0QMow==",
      "requires": {
        "has-flag": "^3.0.0"
      }
    },
    "tslib": {
      "version": "1.14.1",
      "resolved": "https://registry.npmjs.org/tslib/-/tslib-1.14.1.tgz",
      "integrity": "sha512-Xni35NKzjgMrwevysHTCArtLDpPvye8zV/0E4EyYn43P7/7qvQwPh9BGkHewbMulVntbigmcT7rdX3BNo9wRJg=="
    },
    "turn-off-display": {
      "version": "0.2.0",
      "resolved": "https://registry.npmjs.org/turn-off-display/-/turn-off-display-0.2.0.tgz",
      "integrity": "sha512-Va2LxXHK1yCKcqcoh+xfeaLGdNRIw4Olc0X7d9Fi8naKm1V5gMb6qDouayPzftOjGLZAIC0jr5vvSvBRo9fDGA=="
    },
    "untildify": {
      "version": "2.1.0",
      "resolved": "https://registry.npmjs.org/untildify/-/untildify-2.1.0.tgz",
      "integrity": "sha1-F+soB5h/dpUunASF/DEdBqgmouA=",
      "requires": {
        "os-homedir": "^1.0.0"
      }
    },
    "user-startup": {
      "version": "0.2.2",
      "resolved": "https://registry.npmjs.org/user-startup/-/user-startup-0.2.2.tgz",
      "integrity": "sha1-etPIrTh66EaAK6FDu8J7jbAOz60=",
      "requires": {
        "mkdirp": "^0.5.1",
        "untildify": "^2.1.0"
      }
    },
    "uuid": {
      "version": "3.4.0",
      "resolved": "https://registry.npmjs.org/uuid/-/uuid-3.4.0.tgz",
      "integrity": "sha512-HjSDRw6gZE5JMggctHBcjVak08+KEVhSIiDzFnT9S9aegmp85S/bReBVTb4QTFaRNptJ9kuYaNhnbNEOkbKb/A=="
    },
    "wordwrap": {
      "version": "0.0.3",
      "resolved": "https://registry.npmjs.org/wordwrap/-/wordwrap-0.0.3.tgz",
      "integrity": "sha1-o9XabNXAvAAI03I0u68b7WMFkQc="
    },
    "wrappy": {
      "version": "1.0.2",
      "resolved": "https://registry.npmjs.org/wrappy/-/wrappy-1.0.2.tgz",
      "integrity": "sha1-tSQ9jz7BqjXxNkYFvA0QNuMKtp8="
    },
    "ws": {
      "version": "7.4.4",
      "resolved": "https://registry.npmjs.org/ws/-/ws-7.4.4.tgz",
      "integrity": "sha512-Qm8k8ojNQIMx7S+Zp8u/uHOx7Qazv3Yv4q68MiWWWOJhiwG5W3x7iqmRtJo8xxrciZUY4vRxUTJCKuRnF28ZZw=="
    },
    "xml": {
      "version": "0.0.12",
      "resolved": "https://registry.npmjs.org/xml/-/xml-0.0.12.tgz",
      "integrity": "sha1-8Is0cQmRK+AChXhfRvFa2OUKX2c="
    }
  }
}
